
Microsoft Visual Studio Solution File, Format Version 12.00
# Visual Studio Version 17
VisualStudioVersion = 17.9.34714.143
MinimumVisualStudioVersion = 10.0.40219.1
Project("{9A19103F-16F7-4668-BE54-9A1E7A4F7556}") = "DesafioPOO", "DesafioPOO.csproj", "{57B4C1FB-0B72-4E4E-A442-B872083A25C4}"
EndProject
Global
	GlobalSection(SolutionConfigurationPlatforms) = preSolution
		Debug|Any CPU = Debug|Any CPU
		Release|Any CPU = Release|Any CPU
	EndGlobalSection
	GlobalSection(ProjectConfigurationPlatforms) = postSolution
		{57B4C1FB-0B72-4E4E-A442-B872083A25C4}.Debug|Any CPU.ActiveCfg = Debug|Any CPU
		{57B4C1FB-0B72-4E4E-A442-B872083A25C4}.Debug|Any CPU.Build.0 = Debug|Any CPU
		{57B4C1FB-0B72-4E4E-A442-B872083A25C4}.Release|Any CPU.ActiveCfg = Release|Any CPU
		{57B4C1FB-0B72-4E4E-A442-B872083A25C4}.Release|Any CPU.Build.0 = Release|Any CPU
	EndGlobalSection
	GlobalSection(SolutionProperties) = preSolution
		HideSolutionNode = FALSE
	EndGlobalSection
	GlobalSection(ExtensibilityGlobals) = postSolution
		SolutionGuid = {07DE8C05-903D-4D68-AB7F-88D7AB247C72}
	EndGlobalSection
EndGlobal
